<?xml version="1.0" encoding="utf-8"?>
<Project ToolsVersion="4.0" xmlns="http://schemas.microsoft.com/developer/msbuild/2003">
  <ItemGroup>
    <Filter Include="Source Files">
      <UniqueIdentifier>{4FC737F1-C7A5-4376-A066-2A32D752A2FF}</UniqueIdentifier>
      <Extensions>cpp;c;cc;cxx;def;odl;idl;hpj;bat;asm;asmx</Extensions>
    </Filter>
    <Filter Include="Header Files">
      <UniqueIdentifier>{93995380-89BD-4b04-88EB-625FBE52EBFB}</UniqueIdentifier>
      <Extensions>h;hpp;hxx;hm;inl;inc;xsd</Extensions>
    </Filter>
    <Filter Include="Resource Files">
      <UniqueIdentifier>{67DA6AB6-F800-4c08-8B7A-83BB121AAD01}</UniqueIdentifier>
      <Extensions>rc;ico;cur;bmp;dlg;rc2;rct;bin;rgs;gif;jpg;jpeg;jpe;resx;tiff;tif;png;wav;mfcribbon-ms</Extensions>
    </Filter>
    <Filter Include="Header Files\Component">
      <UniqueIdentifier>{0894a28e-106c-4974-ad29-df193710072a}</UniqueIdentifier>
    </Filter>
    <Filter Include="Source Files\Component">
      <UniqueIdentifier>{49c0b046-dee8-4b87-86ee-b1fac626dd50}</UniqueIdentifier>
    </Filter>
    <Filter Include="Header Files\Entity">
      <UniqueIdentifier>{4fbb2b0f-6328-4ef9-b779-40d55646619b}</UniqueIdentifier>
    </Filter>
    <Filter Include="Source Files\Entity">
      <UniqueIdentifier>{5f5a17ab-851d-41eb-ba26-2376b1c01dc3}</UniqueIdentifier>
    </Filter>
    <Filter Include="Header Files\System">
      <UniqueIdentifier>{6ff74fcd-935d-44d9-a6ab-4c31068b6042}</UniqueIdentifier>
    </Filter>
    <Filter Include="Source Files\System">
      <UniqueIdentifier>{c7eb26b8-4a77-4ce5-bf58-7b91fcf6723b}</UniqueIdentifier>
    </Filter>
    <Filter Include="Source Files\Component\Actual Components">
      <UniqueIdentifier>{000def99-0f06-4b41-be29-16c5999c52f7}</UniqueIdentifier>
    </Filter>
    <Filter Include="Header Files\Component\Actual Components">
      <UniqueIdentifier>{3ba51198-cf51-4bfe-bc07-13e1d8fe9acd}</UniqueIdentifier>
    </Filter>
    <Filter Include="Header Files\System\Systems">
      <UniqueIdentifier>{7ebd037b-aae5-4a20-8d49-ace297fa588f}</UniqueIdentifier>
    </Filter>
    <Filter Include="Source Files\System\Systems">
      <UniqueIdentifier>{d5824a94-4ce9-47ab-9e07-9a875ca2fecc}</UniqueIdentifier>
    </Filter>
  </ItemGroup>
  <ItemGroup>
    <ClCompile Include="Source.cpp">
      <Filter>Source Files</Filter>
    </ClCompile>
    <ClCompile Include="pi.cpp">
      <Filter>Source Files</Filter>
    </ClCompile>
    <ClCompile Include="Angle.cpp">
      <Filter>Source Files</Filter>
    </ClCompile>
    <ClCompile Include="Component.cpp">
      <Filter>Source Files\Component</Filter>
    </ClCompile>
    <ClCompile Include="ComponentEngine.cpp">
      <Filter>Source Files\Component</Filter>
    </ClCompile>
    <ClCompile Include="Entity.cpp">
      <Filter>Source Files\Entity</Filter>
    </ClCompile>
    <ClCompile Include="EntityEngine.cpp">
      <Filter>Source Files\Entity</Filter>
    </ClCompile>
    <ClCompile Include="SuperSystem.cpp">
      <Filter>Source Files\System</Filter>
    </ClCompile>
    <ClCompile Include="PositionComponent.cpp">
      <Filter>Source Files\Component\Actual Components</Filter>
    </ClCompile>
    <ClCompile Include="RectangleComponent.cpp">
      <Filter>Source Files\Component\Actual Components</Filter>
    </ClCompile>
    <ClCompile Include="RenderSystem.cpp">
      <Filter>Source Files\System\Systems</Filter>
    </ClCompile>
    <ClCompile Include="CameraComponent.cpp">
      <Filter>Source Files\Component\Actual Components</Filter>
    </ClCompile>
    <ClCompile Include="ComponentListInterface.cpp">
      <Filter>Source Files</Filter>
    </ClCompile>
  </ItemGroup>
  <ItemGroup>
    <ClInclude Include="Angle.h">
      <Filter>Header Files</Filter>
    </ClInclude>
    <ClInclude Include="pi.h">
      <Filter>Header Files</Filter>
    </ClInclude>
    <ClInclude Include="VectorExtensions.h">
      <Filter>Header Files</Filter>
    </ClInclude>
    <ClInclude Include="Component.h">
      <Filter>Header Files\Component</Filter>
    </ClInclude>
    <ClInclude Include="ComponentEngine.h">
      <Filter>Header Files\Component</Filter>
    </ClInclude>
    <ClInclude Include="ComponentID.h">
      <Filter>Header Files\Component</Filter>
    </ClInclude>
    <ClInclude Include="Entity.h">
      <Filter>Header Files\Entity</Filter>
    </ClInclude>
    <ClInclude Include="EntityEngine.h">
      <Filter>Header Files\Entity</Filter>
    </ClInclude>
    <ClInclude Include="SuperSystem.h">
      <Filter>Header Files\System</Filter>
    </ClInclude>
    <ClInclude Include="System.h">
      <Filter>Header Files\System</Filter>
    </ClInclude>
    <ClInclude Include="PositionComponent.h">
      <Filter>Header Files\Component\Actual Components</Filter>
    </ClInclude>
    <ClInclude Include="RectangleComponent.h">
      <Filter>Header Files\Component\Actual Components</Filter>
    </ClInclude>
    <ClInclude Include="RenderSystem.h">
      <Filter>Header Files\System\Systems</Filter>
    </ClInclude>
    <ClInclude Include="CameraComponent.h">
      <Filter>Header Files\Component\Actual Components</Filter>
    </ClInclude>
    <ClInclude Include="components.h">
      <Filter>Header Files\Component\Actual Components</Filter>
    </ClInclude>
    <ClInclude Include="ComponentListInterface.h">
      <Filter>Header Files\Component</Filter>
    </ClInclude>
    <ClInclude Include="ComponentList.h">
      <Filter>Header Files\Component</Filter>
    </ClInclude>
  </ItemGroup>
</Project>